// !$*UTF8*$!
{
	archiveVersion = 1;
	classes = {
	};
	objectVersion = 46;
	objects = {

/* Begin PBXBuildFile section */
		4940265116A859E100A2B400 /* AVFoundation.framework in Frameworks */ = {isa = PBXBuildFile; fileRef = 4940265016A859E100A2B400 /* AVFoundation.framework */; };
		4940265416A85B2A00A2B400 /* alarmclock.mp3 in Resources */ = {isa = PBXBuildFile; fileRef = 4940265316A85B2A00A2B400 /* alarmclock.mp3 */; };
		4991B39016A01A9900A005AF /* UIKit.framework in Frameworks */ = {isa = PBXBuildFile; fileRef = 4991B38F16A01A9900A005AF /* UIKit.framework */; };
		4991B39216A01A9900A005AF /* Foundation.framework in Frameworks */ = {isa = PBXBuildFile; fileRef = 4991B39116A01A9900A005AF /* Foundation.framework */; };
		4991B39416A01A9900A005AF /* CoreGraphics.framework in Frameworks */ = {isa = PBXBuildFile; fileRef = 4991B39316A01A9900A005AF /* CoreGraphics.framework */; };
		4991B39A16A01A9900A005AF /* InfoPlist.strings in Resources */ = {isa = PBXBuildFile; fileRef = 4991B39816A01A9900A005AF /* InfoPlist.strings */; };
		4991B3A016A01A9900A005AF /* AppDelegate.m in Sources */ = {isa = PBXBuildFile; fileRef = 4991B39F16A01A9900A005AF /* AppDelegate.m */; };
		4991B3A216A01A9900A005AF /* Default.png in Resources */ = {isa = PBXBuildFile; fileRef = 4991B3A116A01A9900A005AF /* Default.png */; };
		4991B3A416A01A9900A005AF /* Default@2x.png in Resources */ = {isa = PBXBuildFile; fileRef = 4991B3A316A01A9900A005AF /* Default@2x.png */; };
		4991B3A616A01A9900A005AF /* Default-568h@2x.png in Resources */ = {isa = PBXBuildFile; fileRef = 4991B3A516A01A9900A005AF /* Default-568h@2x.png */; };
		4991B3A916A01A9900A005AF /* ViewController.m in Sources */ = {isa = PBXBuildFile; fileRef = 4991B3A816A01A9900A005AF /* ViewController.m */; };
		4991B3AC16A01A9900A005AF /* ViewController.xib in Resources */ = {isa = PBXBuildFile; fileRef = 4991B3AA16A01A9900A005AF /* ViewController.xib */; };
		4991B3B416A01A9900A005AF /* SenTestingKit.framework in Frameworks */ = {isa = PBXBuildFile; fileRef = 4991B3B316A01A9900A005AF /* SenTestingKit.framework */; };
		4991B3B516A01A9900A005AF /* UIKit.framework in Frameworks */ = {isa = PBXBuildFile; fileRef = 4991B38F16A01A9900A005AF /* UIKit.framework */; };
		4991B3B616A01A9900A005AF /* Foundation.framework in Frameworks */ = {isa = PBXBuildFile; fileRef = 4991B39116A01A9900A005AF /* Foundation.framework */; };
		4991B3BE16A01A9900A005AF /* InfoPlist.strings in Resources */ = {isa = PBXBuildFile; fileRef = 4991B3BC16A01A9900A005AF /* InfoPlist.strings */; };
		4991B3C116A01A9900A005AF /* iOSCookBookTests.m in Sources */ = {isa = PBXBuildFile; fileRef = 4991B3C016A01A9900A005AF /* iOSCookBookTests.m */; };
		49F3F5FC16A6FA0C00452861 /* DefaultRecipePic.gif in Resources */ = {isa = PBXBuildFile; fileRef = 49F3F5FB16A6FA0C00452861 /* DefaultRecipePic.gif */; };
		49F7667316A0629900B37461 /* NewRecipeViewController.m in Sources */ = {isa = PBXBuildFile; fileRef = 49F7667116A0629900B37461 /* NewRecipeViewController.m */; };
		49F7667416A0629900B37461 /* NewRecipeViewController.xib in Resources */ = {isa = PBXBuildFile; fileRef = 49F7667216A0629900B37461 /* NewRecipeViewController.xib */; };
		49F7669C16A2D9AF00B37461 /* RecipeViewController.m in Sources */ = {isa = PBXBuildFile; fileRef = 49F7669A16A2D9AF00B37461 /* RecipeViewController.m */; };
		49F7669D16A2D9AF00B37461 /* RecipeViewController.xib in Resources */ = {isa = PBXBuildFile; fileRef = 49F7669B16A2D9AF00B37461 /* RecipeViewController.xib */; };
		49F9B7D516A9CFBB0067B7FB /* BrowseCategoriesViewController.m in Sources */ = {isa = PBXBuildFile; fileRef = 49F9B7D316A9CFBB0067B7FB /* BrowseCategoriesViewController.m */; };
		49F9B7D616A9CFBB0067B7FB /* BrowseCategoriesViewController.xib in Resources */ = {isa = PBXBuildFile; fileRef = 49F9B7D416A9CFBB0067B7FB /* BrowseCategoriesViewController.xib */; };
		49F9B7DA16A9FE980067B7FB /* BrowseRecipesViewController.m in Sources */ = {isa = PBXBuildFile; fileRef = 49F9B7D816A9FE980067B7FB /* BrowseRecipesViewController.m */; };
		49F9B7DB16A9FE980067B7FB /* BrowseRecipesViewController.xib in Resources */ = {isa = PBXBuildFile; fileRef = 49F9B7D916A9FE980067B7FB /* BrowseRecipesViewController.xib */; };
		49F9B7DF16AAA9720067B7FB /* BrowseFavouritesViewController.m in Sources */ = {isa = PBXBuildFile; fileRef = 49F9B7DD16AAA9720067B7FB /* BrowseFavouritesViewController.m */; };
		49F9B7E016AAA9720067B7FB /* BrowseFavouritesViewController.xib in Resources */ = {isa = PBXBuildFile; fileRef = 49F9B7DE16AAA9720067B7FB /* BrowseFavouritesViewController.xib */; };
		E0B3BB3716ACB0F000D6A78C /* StarEmpty.png in Resources */ = {isa = PBXBuildFile; fileRef = E0B3BB2F16ACB0F000D6A78C /* StarEmpty.png */; };
		E0B3BB3B16ACB0F000D6A78C /* StarFull.png in Resources */ = {isa = PBXBuildFile; fileRef = E0B3BB3316ACB0F000D6A78C /* StarFull.png */; };
		E0B3BB4616ACB82100D6A78C /* DYRateView.m in Sources */ = {isa = PBXBuildFile; fileRef = E0B3BB4516ACB82100D6A78C /* DYRateView.m */; };
		E0CBEBCD16A37111003A67F5 /* cookbook.sql in Resources */ = {isa = PBXBuildFile; fileRef = E0CBEBCC16A37111003A67F5 /* cookbook.sql */; };
		E0CBEBD316A37126003A67F5 /* iOSCookBookModel.m in Sources */ = {isa = PBXBuildFile; fileRef = E0CBEBD016A37126003A67F5 /* iOSCookBookModel.m */; };
		E0CBEBD416A37126003A67F5 /* Recipe.m in Sources */ = {isa = PBXBuildFile; fileRef = E0CBEBD216A37126003A67F5 /* Recipe.m */; };
		E0CBEBD616A371AE003A67F5 /* libsqlite3.dylib in Frameworks */ = {isa = PBXBuildFile; fileRef = E0CBEBD516A371AE003A67F5 /* libsqlite3.dylib */; };
		E0E51D0316A5FA5C0014D72B /* main.m in Sources */ = {isa = PBXBuildFile; fileRef = E0E51D0216A5FA5C0014D72B /* main.m */; };
		E0E51D0616A5FDB10014D72B /* instruction.m in Sources */ = {isa = PBXBuildFile; fileRef = E0E51D0516A5FDB10014D72B /* instruction.m */; };
		E0E51D0916A5FDC10014D72B /* ingredient.m in Sources */ = {isa = PBXBuildFile; fileRef = E0E51D0816A5FDC10014D72B /* ingredient.m */; };
/* End PBXBuildFile section */

/* Begin PBXContainerItemProxy section */
		4991B3B716A01A9900A005AF /* PBXContainerItemProxy */ = {
			isa = PBXContainerItemProxy;
			containerPortal = 4991B38216A01A9900A005AF /* Project object */;
			proxyType = 1;
			remoteGlobalIDString = 4991B38A16A01A9900A005AF;
			remoteInfo = iOSCookBook;
		};
/* End PBXContainerItemProxy section */

/* Begin PBXFileReference section */
		4940265016A859E100A2B400 /* AVFoundation.framework */ = {isa = PBXFileReference; lastKnownFileType = wrapper.framework; name = AVFoundation.framework; path = System/Library/Frameworks/AVFoundation.framework; sourceTree = SDKROOT; };
		4940265316A85B2A00A2B400 /* alarmclock.mp3 */ = {isa = PBXFileReference; lastKnownFileType = audio.mp3; path = alarmclock.mp3; sourceTree = "<group>"; };
		4991B38B16A01A9900A005AF /* iOSCookBook.app */ = {isa = PBXFileReference; explicitFileType = wrapper.application; includeInIndex = 0; path = iOSCookBook.app; sourceTree = BUILT_PRODUCTS_DIR; };
		4991B38F16A01A9900A005AF /* UIKit.framework */ = {isa = PBXFileReference; lastKnownFileType = wrapper.framework; name = UIKit.framework; path = System/Library/Frameworks/UIKit.framework; sourceTree = SDKROOT; };
		4991B39116A01A9900A005AF /* Foundation.framework */ = {isa = PBXFileReference; lastKnownFileType = wrapper.framework; name = Foundation.framework; path = System/Library/Frameworks/Foundation.framework; sourceTree = SDKROOT; };
		4991B39316A01A9900A005AF /* CoreGraphics.framework */ = {isa = PBXFileReference; lastKnownFileType = wrapper.framework; name = CoreGraphics.framework; path = System/Library/Frameworks/CoreGraphics.framework; sourceTree = SDKROOT; };
		4991B39716A01A9900A005AF /* iOSCookBook-Info.plist */ = {isa = PBXFileReference; lastKnownFileType = text.plist.xml; path = "iOSCookBook-Info.plist"; sourceTree = "<group>"; };
		4991B39916A01A9900A005AF /* en */ = {isa = PBXFileReference; lastKnownFileType = text.plist.strings; name = en; path = en.lproj/InfoPlist.strings; sourceTree = "<group>"; };
		4991B39D16A01A9900A005AF /* iOSCookBook-Prefix.pch */ = {isa = PBXFileReference; lastKnownFileType = sourcecode.c.h; path = "iOSCookBook-Prefix.pch"; sourceTree = "<group>"; };
		4991B39E16A01A9900A005AF /* AppDelegate.h */ = {isa = PBXFileReference; lastKnownFileType = sourcecode.c.h; path = AppDelegate.h; sourceTree = "<group>"; };
		4991B39F16A01A9900A005AF /* AppDelegate.m */ = {isa = PBXFileReference; lastKnownFileType = sourcecode.c.objc; path = AppDelegate.m; sourceTree = "<group>"; };
		4991B3A116A01A9900A005AF /* Default.png */ = {isa = PBXFileReference; lastKnownFileType = image.png; path = Default.png; sourceTree = "<group>"; };
		4991B3A316A01A9900A005AF /* Default@2x.png */ = {isa = PBXFileReference; lastKnownFileType = image.png; path = "Default@2x.png"; sourceTree = "<group>"; };
		4991B3A516A01A9900A005AF /* Default-568h@2x.png */ = {isa = PBXFileReference; lastKnownFileType = image.png; path = "Default-568h@2x.png"; sourceTree = "<group>"; };
		4991B3A716A01A9900A005AF /* ViewController.h */ = {isa = PBXFileReference; lastKnownFileType = sourcecode.c.h; path = ViewController.h; sourceTree = "<group>"; };
		4991B3A816A01A9900A005AF /* ViewController.m */ = {isa = PBXFileReference; lastKnownFileType = sourcecode.c.objc; path = ViewController.m; sourceTree = "<group>"; };
		4991B3AB16A01A9900A005AF /* en */ = {isa = PBXFileReference; lastKnownFileType = file.xib; name = en; path = en.lproj/ViewController.xib; sourceTree = "<group>"; };
		4991B3B216A01A9900A005AF /* iOSCookBookTests.octest */ = {isa = PBXFileReference; explicitFileType = wrapper.cfbundle; includeInIndex = 0; path = iOSCookBookTests.octest; sourceTree = BUILT_PRODUCTS_DIR; };
		4991B3B316A01A9900A005AF /* SenTestingKit.framework */ = {isa = PBXFileReference; lastKnownFileType = wrapper.framework; name = SenTestingKit.framework; path = Library/Frameworks/SenTestingKit.framework; sourceTree = DEVELOPER_DIR; };
		4991B3BB16A01A9900A005AF /* iOSCookBookTests-Info.plist */ = {isa = PBXFileReference; lastKnownFileType = text.plist.xml; path = "iOSCookBookTests-Info.plist"; sourceTree = "<group>"; };
		4991B3BD16A01A9900A005AF /* en */ = {isa = PBXFileReference; lastKnownFileType = text.plist.strings; name = en; path = en.lproj/InfoPlist.strings; sourceTree = "<group>"; };
		4991B3BF16A01A9900A005AF /* iOSCookBookTests.h */ = {isa = PBXFileReference; lastKnownFileType = sourcecode.c.h; path = iOSCookBookTests.h; sourceTree = "<group>"; };
		4991B3C016A01A9900A005AF /* iOSCookBookTests.m */ = {isa = PBXFileReference; lastKnownFileType = sourcecode.c.objc; path = iOSCookBookTests.m; sourceTree = "<group>"; };
		49F3F5FB16A6FA0C00452861 /* DefaultRecipePic.gif */ = {isa = PBXFileReference; lastKnownFileType = image.gif; path = DefaultRecipePic.gif; sourceTree = "<group>"; };
		49F7667016A0629900B37461 /* NewRecipeViewController.h */ = {isa = PBXFileReference; fileEncoding = 4; lastKnownFileType = sourcecode.c.h; path = NewRecipeViewController.h; sourceTree = "<group>"; };
		49F7667116A0629900B37461 /* NewRecipeViewController.m */ = {isa = PBXFileReference; fileEncoding = 4; lastKnownFileType = sourcecode.c.objc; path = NewRecipeViewController.m; sourceTree = "<group>"; };
		49F7667216A0629900B37461 /* NewRecipeViewController.xib */ = {isa = PBXFileReference; fileEncoding = 4; lastKnownFileType = file.xib; path = NewRecipeViewController.xib; sourceTree = "<group>"; };
		49F7669916A2D9AF00B37461 /* RecipeViewController.h */ = {isa = PBXFileReference; fileEncoding = 4; lastKnownFileType = sourcecode.c.h; name = RecipeViewController.h; path = ../RecipeViewController.h; sourceTree = "<group>"; };
		49F7669A16A2D9AF00B37461 /* RecipeViewController.m */ = {isa = PBXFileReference; fileEncoding = 4; lastKnownFileType = sourcecode.c.objc; name = RecipeViewController.m; path = ../RecipeViewController.m; sourceTree = "<group>"; };
		49F7669B16A2D9AF00B37461 /* RecipeViewController.xib */ = {isa = PBXFileReference; fileEncoding = 4; lastKnownFileType = file.xib; name = RecipeViewController.xib; path = ../RecipeViewController.xib; sourceTree = "<group>"; };
		49F9B7D216A9CFBB0067B7FB /* BrowseCategoriesViewController.h */ = {isa = PBXFileReference; fileEncoding = 4; lastKnownFileType = sourcecode.c.h; path = BrowseCategoriesViewController.h; sourceTree = "<group>"; };
		49F9B7D316A9CFBB0067B7FB /* BrowseCategoriesViewController.m */ = {isa = PBXFileReference; fileEncoding = 4; lastKnownFileType = sourcecode.c.objc; path = BrowseCategoriesViewController.m; sourceTree = "<group>"; };
		49F9B7D416A9CFBB0067B7FB /* BrowseCategoriesViewController.xib */ = {isa = PBXFileReference; fileEncoding = 4; lastKnownFileType = file.xib; path = BrowseCategoriesViewController.xib; sourceTree = "<group>"; };
		49F9B7D716A9FE980067B7FB /* BrowseRecipesViewController.h */ = {isa = PBXFileReference; fileEncoding = 4; lastKnownFileType = sourcecode.c.h; path = BrowseRecipesViewController.h; sourceTree = "<group>"; };
		49F9B7D816A9FE980067B7FB /* BrowseRecipesViewController.m */ = {isa = PBXFileReference; fileEncoding = 4; lastKnownFileType = sourcecode.c.objc; path = BrowseRecipesViewController.m; sourceTree = "<group>"; };
		49F9B7D916A9FE980067B7FB /* BrowseRecipesViewController.xib */ = {isa = PBXFileReference; fileEncoding = 4; lastKnownFileType = file.xib; path = BrowseRecipesViewController.xib; sourceTree = "<group>"; };
		49F9B7DC16AAA9720067B7FB /* BrowseFavouritesViewController.h */ = {isa = PBXFileReference; fileEncoding = 4; lastKnownFileType = sourcecode.c.h; path = BrowseFavouritesViewController.h; sourceTree = "<group>"; };
		49F9B7DD16AAA9720067B7FB /* BrowseFavouritesViewController.m */ = {isa = PBXFileReference; fileEncoding = 4; lastKnownFileType = sourcecode.c.objc; path = BrowseFavouritesViewController.m; sourceTree = "<group>"; };
		49F9B7DE16AAA9720067B7FB /* BrowseFavouritesViewController.xib */ = {isa = PBXFileReference; fileEncoding = 4; lastKnownFileType = file.xib; path = BrowseFavouritesViewController.xib; sourceTree = "<group>"; };
		E0B3BB2F16ACB0F000D6A78C /* StarEmpty.png */ = {isa = PBXFileReference; lastKnownFileType = image.png; path = StarEmpty.png; sourceTree = "<group>"; };
		E0B3BB3316ACB0F000D6A78C /* StarFull.png */ = {isa = PBXFileReference; lastKnownFileType = image.png; path = StarFull.png; sourceTree = "<group>"; };
		E0B3BB4416ACB82000D6A78C /* DYRateView.h */ = {isa = PBXFileReference; fileEncoding = 4; lastKnownFileType = sourcecode.c.h; path = DYRateView.h; sourceTree = "<group>"; };
		E0B3BB4516ACB82100D6A78C /* DYRateView.m */ = {isa = PBXFileReference; fileEncoding = 4; lastKnownFileType = sourcecode.c.objc; path = DYRateView.m; sourceTree = "<group>"; };
		E0CBEBCC16A37111003A67F5 /* cookbook.sql */ = {isa = PBXFileReference; lastKnownFileType = file; path = cookbook.sql; sourceTree = "<group>"; };
		E0CBEBCF16A37126003A67F5 /* iOSCookBookModel.h */ = {isa = PBXFileReference; fileEncoding = 4; lastKnownFileType = sourcecode.c.h; path = iOSCookBookModel.h; sourceTree = "<group>"; };
		E0CBEBD016A37126003A67F5 /* iOSCookBookModel.m */ = {isa = PBXFileReference; fileEncoding = 4; lastKnownFileType = sourcecode.c.objc; path = iOSCookBookModel.m; sourceTree = "<group>"; };
		E0CBEBD116A37126003A67F5 /* Recipe.h */ = {isa = PBXFileReference; fileEncoding = 4; lastKnownFileType = sourcecode.c.h; path = Recipe.h; sourceTree = "<group>"; };
		E0CBEBD216A37126003A67F5 /* Recipe.m */ = {isa = PBXFileReference; fileEncoding = 4; lastKnownFileType = sourcecode.c.objc; path = Recipe.m; sourceTree = "<group>"; };
		E0CBEBD516A371AE003A67F5 /* libsqlite3.dylib */ = {isa = PBXFileReference; lastKnownFileType = "compiled.mach-o.dylib"; name = libsqlite3.dylib; path = usr/lib/libsqlite3.dylib; sourceTree = SDKROOT; };
		E0E51D0216A5FA5C0014D72B /* main.m */ = {isa = PBXFileReference; fileEncoding = 4; lastKnownFileType = sourcecode.c.objc; path = main.m; sourceTree = "<group>"; };
		E0E51D0416A5FDB10014D72B /* instruction.h */ = {isa = PBXFileReference; fileEncoding = 4; lastKnownFileType = sourcecode.c.h; path = instruction.h; sourceTree = "<group>"; };
		E0E51D0516A5FDB10014D72B /* instruction.m */ = {isa = PBXFileReference; fileEncoding = 4; lastKnownFileType = sourcecode.c.objc; path = instruction.m; sourceTree = "<group>"; };
		E0E51D0716A5FDC10014D72B /* ingredient.h */ = {isa = PBXFileReference; fileEncoding = 4; lastKnownFileType = sourcecode.c.h; path = ingredient.h; sourceTree = "<group>"; };
		E0E51D0816A5FDC10014D72B /* ingredient.m */ = {isa = PBXFileReference; fileEncoding = 4; lastKnownFileType = sourcecode.c.objc; path = ingredient.m; sourceTree = "<group>"; };
/* End PBXFileReference section */

/* Begin PBXFrameworksBuildPhase section */
		4991B38816A01A9900A005AF /* Frameworks */ = {
			isa = PBXFrameworksBuildPhase;
			buildActionMask = 2147483647;
			files = (
				E0CBEBD616A371AE003A67F5 /* libsqlite3.dylib in Frameworks */,
				4940265116A859E100A2B400 /* AVFoundation.framework in Frameworks */,
				4991B39016A01A9900A005AF /* UIKit.framework in Frameworks */,
				4991B39216A01A9900A005AF /* Foundation.framework in Frameworks */,
				4991B39416A01A9900A005AF /* CoreGraphics.framework in Frameworks */,
			);
			runOnlyForDeploymentPostprocessing = 0;
		};
		4991B3AE16A01A9900A005AF /* Frameworks */ = {
			isa = PBXFrameworksBuildPhase;
			buildActionMask = 2147483647;
			files = (
				4991B3B416A01A9900A005AF /* SenTestingKit.framework in Frameworks */,
				4991B3B516A01A9900A005AF /* UIKit.framework in Frameworks */,
				4991B3B616A01A9900A005AF /* Foundation.framework in Frameworks */,
			);
			runOnlyForDeploymentPostprocessing = 0;
		};
/* End PBXFrameworksBuildPhase section */

/* Begin PBXGroup section */
		4991B38016A01A9900A005AF = {
			isa = PBXGroup;
			children = (
				E0CBEBD516A371AE003A67F5 /* libsqlite3.dylib */,
				4991B39516A01A9900A005AF /* iOSCookBook */,
				4991B3B916A01A9900A005AF /* iOSCookBookTests */,
				4991B38E16A01A9900A005AF /* Frameworks */,
				4991B38C16A01A9900A005AF /* Products */,
			);
			sourceTree = "<group>";
		};
		4991B38C16A01A9900A005AF /* Products */ = {
			isa = PBXGroup;
			children = (
				4991B38B16A01A9900A005AF /* iOSCookBook.app */,
				4991B3B216A01A9900A005AF /* iOSCookBookTests.octest */,
			);
			name = Products;
			sourceTree = "<group>";
		};
		4991B38E16A01A9900A005AF /* Frameworks */ = {
			isa = PBXGroup;
			children = (
				4940265016A859E100A2B400 /* AVFoundation.framework */,
				4991B38F16A01A9900A005AF /* UIKit.framework */,
				4991B39116A01A9900A005AF /* Foundation.framework */,
				4991B39316A01A9900A005AF /* CoreGraphics.framework */,
				4991B3B316A01A9900A005AF /* SenTestingKit.framework */,
			);
			name = Frameworks;
			sourceTree = "<group>";
		};
		4991B39516A01A9900A005AF /* iOSCookBook */ = {
			isa = PBXGroup;
			children = (
				4991B39E16A01A9900A005AF /* AppDelegate.h */,
				4991B39F16A01A9900A005AF /* AppDelegate.m */,
				4991B3A716A01A9900A005AF /* ViewController.h */,
				E0B3BB4416ACB82000D6A78C /* DYRateView.h */,
				E0B3BB4516ACB82100D6A78C /* DYRateView.m */,
				4991B3AA16A01A9900A005AF /* ViewController.xib */,
				4991B3A816A01A9900A005AF /* ViewController.m */,
				4991B3AA16A01A9900A005AF /* ViewController.xib */,
				E0E51D0216A5FA5C0014D72B /* main.m */,
				4940265316A85B2A00A2B400 /* alarmclock.mp3 */,
				4991B39616A01A9900A005AF /* Supporting Files */,
				E0CBEBD116A37126003A67F5 /* Recipe.h */,
				E0CBEBD216A37126003A67F5 /* Recipe.m */,
				E0E51D0416A5FDB10014D72B /* instruction.h */,
				E0E51D0516A5FDB10014D72B /* instruction.m */,
				E0E51D0716A5FDC10014D72B /* ingredient.h */,
				E0E51D0816A5FDC10014D72B /* ingredient.m */,
				E0E51D0216A5FA5C0014D72B /* main.m */,
				4940265316A85B2A00A2B400 /* alarmclock.mp3 */,
				4991B39616A01A9900A005AF /* Supporting Files */,
				E0CBEBCF16A37126003A67F5 /* iOSCookBookModel.h */,
				E0CBEBD016A37126003A67F5 /* iOSCookBookModel.m */,
				49F7667016A0629900B37461 /* NewRecipeViewController.h */,
				49F7667116A0629900B37461 /* NewRecipeViewController.m */,
				49F7667216A0629900B37461 /* NewRecipeViewController.xib */,
				49F7669916A2D9AF00B37461 /* RecipeViewController.h */,
				49F7669A16A2D9AF00B37461 /* RecipeViewController.m */,
				49F7669B16A2D9AF00B37461 /* RecipeViewController.xib */,
				49F3F5FB16A6FA0C00452861 /* DefaultRecipePic.gif */,
				49F9B7D216A9CFBB0067B7FB /* BrowseCategoriesViewController.h */,
				49F9B7D316A9CFBB0067B7FB /* BrowseCategoriesViewController.m */,
				49F9B7D416A9CFBB0067B7FB /* BrowseCategoriesViewController.xib */,
				49F9B7D716A9FE980067B7FB /* BrowseRecipesViewController.h */,
				49F9B7D816A9FE980067B7FB /* BrowseRecipesViewController.m */,
				49F9B7D916A9FE980067B7FB /* BrowseRecipesViewController.xib */,
				49F9B7DC16AAA9720067B7FB /* BrowseFavouritesViewController.h */,
				49F9B7DD16AAA9720067B7FB /* BrowseFavouritesViewController.m */,
				49F9B7DE16AAA9720067B7FB /* BrowseFavouritesViewController.xib */,
			);
			path = iOSCookBook;
			sourceTree = "<group>";
		};
		4991B39616A01A9900A005AF /* Supporting Files */ = {
			isa = PBXGroup;
			children = (
				E0B3BB2F16ACB0F000D6A78C /* StarEmpty.png */,
				E0B3BB3316ACB0F000D6A78C /* StarFull.png */,
				4991B3A516A01A9900A005AF /* Default-568h@2x.png */,
				E0CBEBCC16A37111003A67F5 /* cookbook.sql */,
				4991B39716A01A9900A005AF /* iOSCookBook-Info.plist */,
				4991B39816A01A9900A005AF /* InfoPlist.strings */,
				4991B39D16A01A9900A005AF /* iOSCookBook-Prefix.pch */,
				4991B3A116A01A9900A005AF /* Default.png */,
				4991B3A316A01A9900A005AF /* Default@2x.png */,
			);
			name = "Supporting Files";
			sourceTree = "<group>";
		};
		4991B3B916A01A9900A005AF /* iOSCookBookTests */ = {
			isa = PBXGroup;
			children = (
				4991B3BF16A01A9900A005AF /* iOSCookBookTests.h */,
				4991B3C016A01A9900A005AF /* iOSCookBookTests.m */,
				4991B3BA16A01A9900A005AF /* Supporting Files */,
			);
			path = iOSCookBookTests;
			sourceTree = "<group>";
		};
		4991B3BA16A01A9900A005AF /* Supporting Files */ = {
			isa = PBXGroup;
			children = (
				4991B3BB16A01A9900A005AF /* iOSCookBookTests-Info.plist */,
				4991B3BC16A01A9900A005AF /* InfoPlist.strings */,
			);
			name = "Supporting Files";
			sourceTree = "<group>";
		};
/* End PBXGroup section */

/* Begin PBXNativeTarget section */
		4991B38A16A01A9900A005AF /* iOSCookBook */ = {
			isa = PBXNativeTarget;
			buildConfigurationList = 4991B3C416A01A9900A005AF /* Build configuration list for PBXNativeTarget "iOSCookBook" */;
			buildPhases = (
				4991B38716A01A9900A005AF /* Sources */,
				4991B38816A01A9900A005AF /* Frameworks */,
				4991B38916A01A9900A005AF /* Resources */,
			);
			buildRules = (
			);
			dependencies = (
			);
			name = iOSCookBook;
			productName = iOSCookBook;
			productReference = 4991B38B16A01A9900A005AF /* iOSCookBook.app */;
			productType = "com.apple.product-type.application";
		};
		4991B3B116A01A9900A005AF /* iOSCookBookTests */ = {
			isa = PBXNativeTarget;
			buildConfigurationList = 4991B3C716A01A9900A005AF /* Build configuration list for PBXNativeTarget "iOSCookBookTests" */;
			buildPhases = (
				4991B3AD16A01A9900A005AF /* Sources */,
				4991B3AE16A01A9900A005AF /* Frameworks */,
				4991B3AF16A01A9900A005AF /* Resources */,
				4991B3B016A01A9900A005AF /* ShellScript */,
			);
			buildRules = (
			);
			dependencies = (
				4991B3B816A01A9900A005AF /* PBXTargetDependency */,
			);
			name = iOSCookBookTests;
			productName = iOSCookBookTests;
			productReference = 4991B3B216A01A9900A005AF /* iOSCookBookTests.octest */;
			productType = "com.apple.product-type.bundle";
		};
/* End PBXNativeTarget section */

/* Begin PBXProject section */
		4991B38216A01A9900A005AF /* Project object */ = {
			isa = PBXProject;
			attributes = {
				LastUpgradeCheck = 0450;
				ORGANIZATIONNAME = "Andrew O'Connor";
			};
			buildConfigurationList = 4991B38516A01A9900A005AF /* Build configuration list for PBXProject "iOSCookBook" */;
			compatibilityVersion = "Xcode 3.2";
			developmentRegion = English;
			hasScannedForEncodings = 0;
			knownRegions = (
				en,
			);
			mainGroup = 4991B38016A01A9900A005AF;
			productRefGroup = 4991B38C16A01A9900A005AF /* Products */;
			projectDirPath = "";
			projectRoot = "";
			targets = (
				4991B38A16A01A9900A005AF /* iOSCookBook */,
				4991B3B116A01A9900A005AF /* iOSCookBookTests */,
			);
		};
/* End PBXProject section */

/* Begin PBXResourcesBuildPhase section */
		4991B38916A01A9900A005AF /* Resources */ = {
			isa = PBXResourcesBuildPhase;
			buildActionMask = 2147483647;
			files = (
				4991B39A16A01A9900A005AF /* InfoPlist.strings in Resources */,
				4991B3A216A01A9900A005AF /* Default.png in Resources */,
				4991B3A416A01A9900A005AF /* Default@2x.png in Resources */,
				4991B3A616A01A9900A005AF /* Default-568h@2x.png in Resources */,
				4991B3AC16A01A9900A005AF /* ViewController.xib in Resources */,
				49F7667416A0629900B37461 /* NewRecipeViewController.xib in Resources */,
				E0CBEBCD16A37111003A67F5 /* cookbook.sql in Resources */,
				49F7669D16A2D9AF00B37461 /* RecipeViewController.xib in Resources */,
				49F3F5FC16A6FA0C00452861 /* DefaultRecipePic.gif in Resources */,
				4940265416A85B2A00A2B400 /* alarmclock.mp3 in Resources */,
				49F9B7D616A9CFBB0067B7FB /* BrowseCategoriesViewController.xib in Resources */,
				49F9B7DB16A9FE980067B7FB /* BrowseRecipesViewController.xib in Resources */,
				49F9B7E016AAA9720067B7FB /* BrowseFavouritesViewController.xib in Resources */,
				E0B3BB3716ACB0F000D6A78C /* StarEmpty.png in Resources */,
				E0B3BB3B16ACB0F000D6A78C /* StarFull.png in Resources */,
			);
			runOnlyForDeploymentPostprocessing = 0;
		};
		4991B3AF16A01A9900A005AF /* Resources */ = {
			isa = PBXResourcesBuildPhase;
			buildActionMask = 2147483647;
			files = (
				4991B3BE16A01A9900A005AF /* InfoPlist.strings in Resources */,
			);
			runOnlyForDeploymentPostprocessing = 0;
		};
/* End PBXResourcesBuildPhase section */

/* Begin PBXShellScriptBuildPhase section */
		4991B3B016A01A9900A005AF /* ShellScript */ = {
			isa = PBXShellScriptBuildPhase;
			buildActionMask = 2147483647;
			files = (
			);
			inputPaths = (
			);
			outputPaths = (
			);
			runOnlyForDeploymentPostprocessing = 0;
			shellPath = /bin/sh;
			shellScript = "# Run the unit tests in this test bundle.\n\"${SYSTEM_DEVELOPER_DIR}/Tools/RunUnitTests\"\n";
		};
/* End PBXShellScriptBuildPhase section */

/* Begin PBXSourcesBuildPhase section */
		4991B38716A01A9900A005AF /* Sources */ = {
			isa = PBXSourcesBuildPhase;
			buildActionMask = 2147483647;
			files = (
				4991B3A016A01A9900A005AF /* AppDelegate.m in Sources */,
				4991B3A916A01A9900A005AF /* ViewController.m in Sources */,
				49F7667316A0629900B37461 /* NewRecipeViewController.m in Sources */,
				E0CBEBD316A37126003A67F5 /* iOSCookBookModel.m in Sources */,
				E0CBEBD416A37126003A67F5 /* Recipe.m in Sources */,
				E0E51D0316A5FA5C0014D72B /* main.m in Sources */,
				E0E51D0616A5FDB10014D72B /* instruction.m in Sources */,
				E0E51D0916A5FDC10014D72B /* ingredient.m in Sources */,
				49F7669C16A2D9AF00B37461 /* RecipeViewController.m in Sources */,
				49F9B7D516A9CFBB0067B7FB /* BrowseCategoriesViewController.m in Sources */,
				49F9B7DA16A9FE980067B7FB /* BrowseRecipesViewController.m in Sources */,
				49F9B7DF16AAA9720067B7FB /* BrowseFavouritesViewController.m in Sources */,
				E0B3BB4616ACB82100D6A78C /* DYRateView.m in Sources */,
			);
			runOnlyForDeploymentPostprocessing = 0;
		};
		4991B3AD16A01A9900A005AF /* Sources */ = {
			isa = PBXSourcesBuildPhase;
			buildActionMask = 2147483647;
			files = (
				4991B3C116A01A9900A005AF /* iOSCookBookTests.m in Sources */,
			);
			runOnlyForDeploymentPostprocessing = 0;
		};
/* End PBXSourcesBuildPhase section */

/* Begin PBXTargetDependency section */
		4991B3B816A01A9900A005AF /* PBXTargetDependency */ = {
			isa = PBXTargetDependency;
			target = 4991B38A16A01A9900A005AF /* iOSCookBook */;
			targetProxy = 4991B3B716A01A9900A005AF /* PBXContainerItemProxy */;
		};
/* End PBXTargetDependency section */

/* Begin PBXVariantGroup section */
		4991B39816A01A9900A005AF /* InfoPlist.strings */ = {
			isa = PBXVariantGroup;
			children = (
				4991B39916A01A9900A005AF /* en */,
			);
			name = InfoPlist.strings;
			sourceTree = "<group>";
		};
		4991B3AA16A01A9900A005AF /* ViewController.xib */ = {
			isa = PBXVariantGroup;
			children = (
				4991B3AB16A01A9900A005AF /* en */,
			);
			name = ViewController.xib;
			sourceTree = "<group>";
		};
		4991B3BC16A01A9900A005AF /* InfoPlist.strings */ = {
			isa = PBXVariantGroup;
			children = (
				4991B3BD16A01A9900A005AF /* en */,
			);
			name = InfoPlist.strings;
			sourceTree = "<group>";
		};
/* End PBXVariantGroup section */

/* Begin XCBuildConfiguration section */
		4991B3C216A01A9900A005AF /* Debug */ = {
			isa = XCBuildConfiguration;
			buildSettings = {
				ALWAYS_SEARCH_USER_PATHS = NO;
				CLANG_CXX_LANGUAGE_STANDARD = "gnu++0x";
				CLANG_CXX_LIBRARY = "libc++";
				CLANG_ENABLE_OBJC_ARC = YES;
				CLANG_WARN_EMPTY_BODY = YES;
				CLANG_WARN__DUPLICATE_METHOD_MATCH = YES;
				"CODE_SIGN_IDENTITY[sdk=iphoneos*]" = "iPhone Developer";
				COPY_PHASE_STRIP = NO;
				GCC_C_LANGUAGE_STANDARD = gnu99;
				GCC_DYNAMIC_NO_PIC = NO;
				GCC_OPTIMIZATION_LEVEL = 0;
				GCC_PREPROCESSOR_DEFINITIONS = (
					"DEBUG=1",
					"$(inherited)",
				);
				GCC_SYMBOLS_PRIVATE_EXTERN = NO;
				GCC_WARN_ABOUT_RETURN_TYPE = YES;
				GCC_WARN_UNINITIALIZED_AUTOS = YES;
				GCC_WARN_UNUSED_VARIABLE = YES;
				IPHONEOS_DEPLOYMENT_TARGET = 6.0;
				ONLY_ACTIVE_ARCH = YES;
				SDKROOT = iphoneos;
			};
			name = Debug;
		};
		4991B3C316A01A9900A005AF /* Release */ = {
			isa = XCBuildConfiguration;
			buildSettings = {
				ALWAYS_SEARCH_USER_PATHS = NO;
				CLANG_CXX_LANGUAGE_STANDARD = "gnu++0x";
				CLANG_CXX_LIBRARY = "libc++";
				CLANG_ENABLE_OBJC_ARC = YES;
				CLANG_WARN_EMPTY_BODY = YES;
				CLANG_WARN__DUPLICATE_METHOD_MATCH = YES;
				"CODE_SIGN_IDENTITY[sdk=iphoneos*]" = "iPhone Developer";
				COPY_PHASE_STRIP = YES;
				GCC_C_LANGUAGE_STANDARD = gnu99;
				GCC_WARN_ABOUT_RETURN_TYPE = YES;
				GCC_WARN_UNINITIALIZED_AUTOS = YES;
				GCC_WARN_UNUSED_VARIABLE = YES;
				IPHONEOS_DEPLOYMENT_TARGET = 6.0;
				OTHER_CFLAGS = "-DNS_BLOCK_ASSERTIONS=1";
				SDKROOT = iphoneos;
				VALIDATE_PRODUCT = YES;
			};
			name = Release;
		};
		4991B3C516A01A9900A005AF /* Debug */ = {
			isa = XCBuildConfiguration;
			buildSettings = {
				GCC_PRECOMPILE_PREFIX_HEADER = YES;
				GCC_PREFIX_HEADER = "iOSCookBook/iOSCookBook-Prefix.pch";
				INFOPLIST_FILE = "iOSCookBook/iOSCookBook-Info.plist";
				PRODUCT_NAME = "$(TARGET_NAME)";
				WRAPPER_EXTENSION = app;
			};
			name = Debug;
		};
		4991B3C616A01A9900A005AF /* Release */ = {
			isa = XCBuildConfiguration;
			buildSettings = {
				GCC_PRECOMPILE_PREFIX_HEADER = YES;
				GCC_PREFIX_HEADER = "iOSCookBook/iOSCookBook-Prefix.pch";
				INFOPLIST_FILE = "iOSCookBook/iOSCookBook-Info.plist";
				PRODUCT_NAME = "$(TARGET_NAME)";
				WRAPPER_EXTENSION = app;
			};
			name = Release;
		};
		4991B3C816A01A9900A005AF /* Debug */ = {
			isa = XCBuildConfiguration;
			buildSettings = {
				BUNDLE_LOADER = "$(BUILT_PRODUCTS_DIR)/iOSCookBook.app/iOSCookBook";
				FRAMEWORK_SEARCH_PATHS = (
					"\"$(SDKROOT)/Developer/Library/Frameworks\"",
					"\"$(DEVELOPER_LIBRARY_DIR)/Frameworks\"",
				);
				GCC_PRECOMPILE_PREFIX_HEADER = YES;
				GCC_PREFIX_HEADER = "iOSCookBook/iOSCookBook-Prefix.pch";
				INFOPLIST_FILE = "iOSCookBookTests/iOSCookBookTests-Info.plist";
				PRODUCT_NAME = "$(TARGET_NAME)";
				TEST_HOST = "$(BUNDLE_LOADER)";
				WRAPPER_EXTENSION = octest;
			};
			name = Debug;
		};
		4991B3C916A01A9900A005AF /* Release */ = {
			isa = XCBuildConfiguration;
			buildSettings = {
				BUNDLE_LOADER = "$(BUILT_PRODUCTS_DIR)/iOSCookBook.app/iOSCookBook";
				FRAMEWORK_SEARCH_PATHS = (
					"\"$(SDKROOT)/Developer/Library/Frameworks\"",
					"\"$(DEVELOPER_LIBRARY_DIR)/Frameworks\"",
				);
				GCC_PRECOMPILE_PREFIX_HEADER = YES;
				GCC_PREFIX_HEADER = "iOSCookBook/iOSCookBook-Prefix.pch";
				INFOPLIST_FILE = "iOSCookBookTests/iOSCookBookTests-Info.plist";
				PRODUCT_NAME = "$(TARGET_NAME)";
				TEST_HOST = "$(BUNDLE_LOADER)";
				WRAPPER_EXTENSION = octest;
			};
			name = Release;
		};
/* End XCBuildConfiguration section */

/* Begin XCConfigurationList section */
		4991B38516A01A9900A005AF /* Build configuration list for PBXProject "iOSCookBook" */ = {
			isa = XCConfigurationList;
			buildConfigurations = (
				4991B3C216A01A9900A005AF /* Debug */,
				4991B3C316A01A9900A005AF /* Release */,
			);
			defaultConfigurationIsVisible = 0;
			defaultConfigurationName = Release;
		};
		4991B3C416A01A9900A005AF /* Build configuration list for PBXNativeTarget "iOSCookBook" */ = {
			isa = XCConfigurationList;
			buildConfigurations = (
				4991B3C516A01A9900A005AF /* Debug */,
				4991B3C616A01A9900A005AF /* Release */,
			);
			defaultConfigurationIsVisible = 0;
			defaultConfigurationName = Release;
		};
		4991B3C716A01A9900A005AF /* Build configuration list for PBXNativeTarget "iOSCookBookTests" */ = {
			isa = XCConfigurationList;
			buildConfigurations = (
				4991B3C816A01A9900A005AF /* Debug */,
				4991B3C916A01A9900A005AF /* Release */,
			);
			defaultConfigurationIsVisible = 0;
			defaultConfigurationName = Release;
		};
/* End XCConfigurationList section */
	};
	rootObject = 4991B38216A01A9900A005AF /* Project object */;
}
